// !$*UTF8*$!
{
	archiveVersion = 1;
	classes = {
	};
	objectVersion = 77;
	objects = {

/* Begin PBXBuildFile section */
		A1B2C3D4E5F60718293A4B82 /* LunchMenuRecommenderApp.swift in Sources */ = {isa = PBXBuildFile; fileRef = A1B2C3D4E5F60718293A4B91 /* LunchMenuRecommenderApp.swift */; };
		A1B2C3D4E5F60718293A4B82A /* RecommendationResultView.swift in Sources */ = {isa = PBXBuildFile; fileRef = A1B2C3D4E5F60718293A4B92 /* RecommendationResultView.swift */; };
		A1B2C3D4E5F60718293A4B83 /* SettingsView.swift in Sources */ = {isa = PBXBuildFile; fileRef = A1B2C3D4E5F60718293A4B93 /* SettingsView.swift */; };
		A1B2C3D4E5F60718293A4B84 /* CriteriaInputView.swift in Sources */ = {isa = PBXBuildFile; fileRef = A1B2C3D4E5F60718293A4B94 /* CriteriaInputView.swift */; };
		A1B2C3D4E5F60718293A4B85 /* OnboardingView.swift in Sources */ = {isa = PBXBuildFile; fileRef = A1B2C3D4E5F60718293A4B95 /* OnboardingView.swift */; };
		A1B2C3D4E5F60718293A4B86 /* RecommendationViewModel.swift in Sources */ = {isa = PBXBuildFile; fileRef = A1B2C3D4E5F60718293A4B96 /* RecommendationViewModel.swift */; };
		A1B2C3D4E5F60718293A4B87 /* SettingsViewModel.swift in Sources */ = {isa = PBXBuildFile; fileRef = A1B2C3D4E5F60718293A4B97 /* SettingsViewModel.swift */; };
		A1B2C3D4E5F60718293A4B88 /* APIClient.swift in Sources */ = {isa = PBXBuildFile; fileRef = A1B2C3D4E5F60718293A4B98 /* APIClient.swift */; };
		A1B2C3D4E5F60718293A4B89 /* LocationService.swift in Sources */ = {isa = PBXBuildFile; fileRef = A1B2C3D4E5F60718293A4B99 /* LocationService.swift */; };
		A1B2C3D4E5F60718293A4BA /* NotificationService.swift in Sources */ = {isa = PBXBuildFile; fileRef = A1B2C3D4E5F60718293A4B9A /* NotificationService.swift */; };
		A1B2C3D4E5F60718293A4BB /* DataModels.swift in Sources */ = {isa = PBXBuildFile; fileRef = A1B2C3D4E5F60718293A4B9B /* DataModels.swift */; };
		A1B2C3D4E5F60718293A4BC /* Enums.swift in Sources */ = {isa = PBXBuildFile; fileRef = A1B2C3D4E5F60718293A4B9C /* Enums.swift */; };
		A1B2C3D4E5F60718293A4BD /* Errors.swift in Sources */ = {isa = PBXBuildFile; fileRef = A1B2C3D4E5F60718293A4B9D /* Errors.swift */; };
		A1B2C3D4E5F60718293A4BE /* SwiftUI.framework in Frameworks */ = {isa = PBXBuildFile; fileRef = A1B2C3D4E5F60718293A4BA1 /* SwiftUI.framework */; };
/* End PBXBuildFile section */

/* Begin PBXFileReference section */
		A1B2C3D4E5F60718293A4B91 /* LunchMenuRecommenderApp.swift */ = {isa = PBXFileReference; lastKnownFileType = sourcecode.swift; path = LunchMenuRecommenderApp.swift; sourceTree = "<group>"; };
		A1B2C3D4E5F60718293A4B92 /* RecommendationResultView.swift */ = {isa = PBXFileReference; lastKnownFileType = sourcecode.swift; path = Views/RecommendationResultView.swift; sourceTree = "<group>"; };
		A1B2C3D4E5F60718293A4B93 /* SettingsView.swift */ = {isa = PBXFileReference; lastKnownFileType = sourcecode.swift; path = Views/SettingsView.swift; sourceTree = "<group>"; };
		A1B2C3D4E5F60718293A4B94 /* CriteriaInputView.swift */ = {isa = PBXFileReference; lastKnownFileType = sourcecode.swift; path = Views/CriteriaInputView.swift; sourceTree = "<group>"; };
		A1B2C3D4E5F60718293A4B95 /* OnboardingView.swift */ = {isa = PBXFileReference; lastKnownFileType = sourcecode.swift; path = Views/OnboardingView.swift; sourceTree = "<group>"; };
		A1B2C3D4E5F60718293A4B96 /* RecommendationViewModel.swift */ = {isa = PBXFileReference; lastKnownFileType = sourcecode.swift; path = ViewModels/RecommendationViewModel.swift; sourceTree = "<group>"; };
		A1B2C3D4E5F60718293A4B97 /* SettingsViewModel.swift */ = {isa = PBXFileReference; lastKnownFileType = sourcecode.swift; path = ViewModels/SettingsViewModel.swift; sourceTree = "<group>"; };
		A1B2C3D4E5F60718293A4B98 /* APIClient.swift */ = {isa = PBXFileReference; lastKnownFileType = sourcecode.swift; path = Services/APIClient.swift; sourceTree = "<group>"; };
		A1B2C3D4E5F60718293A4B99 /* LocationService.swift */ = {isa = PBXFileReference; lastKnownFileType = sourcecode.swift; path = Services/LocationService.swift; sourceTree = "<group>"; };
		A1B2C3D4E5F60718293A4B9A /* NotificationService.swift */ = {isa = PBXFileReference; lastKnownFileType = sourcecode.swift; path = Services/NotificationService.swift; sourceTree = "<group>"; };
		A1B2C3D4E5F60718293A4B9B /* DataModels.swift */ = {isa = PBXFileReference; lastKnownFileType = sourcecode.swift; path = Models/DataModels.swift; sourceTree = "<group>"; };
		A1B2C3D4E5F60718293A4B9C /* Enums.swift */ = {isa = PBXFileReference; lastKnownFileType = sourcecode.swift; path = Models/Enums.swift; sourceTree = "<group>"; };
		A1B2C3D4E5F60718293A4B9D /* Errors.swift */ = {isa = PBXFileReference; lastKnownFileType = sourcecode.swift; path = Models/Errors.swift; sourceTree = "<group>"; };
		A1B2C3D4E5F60718293A4BA1 /* SwiftUI.framework */ = {isa = PBXFileReference; lastKnownFileType = wrapper.framework; name = SwiftUI.framework; path = System/Library/Frameworks/SwiftUI.framework; sourceTree = SDKROOT; };
		A1B2C3D4E5F60718293A4BA2 /* LunchMenuRecommender.app */ = {isa = PBXFileReference; explicitFileType = wrapper.application; includeInIndex = 0; path = LunchMenuRecommender.app; sourceTree = BUILT_PRODUCTS_DIR; };
/* End PBXFileReference section */

/* Begin PBXFrameworksBuildPhase section */
		D1E2F3A4B5C60718293A4B90 /* Frameworks */ = {
			isa = PBXFrameworksBuildPhase;
			buildActionMask = 2147483647;
			files = (
				A1B2C3D4E5F60718293A4BE /* SwiftUI.framework in Frameworks */,
			);
			runOnlyForDeploymentPostprocessing = 0;
		};
/* End PBXFrameworksBuildPhase section */

/* Begin PBXGroup section */
		A1B2C3D4E5F60718293A4B01 /* LunchMenuRecommender */ = {
			isa = PBXGroup;
			children = (
				A1B2C3D4E5F60718293A4B02 /* Products */,
				A1B2C3D4E5F60718293A4B03 /* Source */,
				A1B2C3D4E5F60718293A4B04 /* Frameworks */,
			);
			sourceTree = "<group>";
		};
		A1B2C3D4E5F60718293A4B02 /* Products */ = {
			isa = PBXGroup;
			children = (
				A1B2C3D4E5F60718293A4BA2 /* LunchMenuRecommender.app */,
			);
			name = Products;
			sourceTree = "<group>";
		};
		A1B2C3D4E5F60718293A4B03 /* Source */ = {
			isa = PBXGroup;
			children = (
				A1B2C3D4E5F60718293A4B91 /* LunchMenuRecommenderApp.swift */,
				A1B2C3D4E5F60718293A4B92 /* RecommendationResultView.swift */,
				A1B2C3D4E5F60718293A4B93 /* SettingsView.swift */,
				A1B2C3D4E5F60718293A4B94 /* CriteriaInputView.swift */,
				A1B2C3D4E5F60718293A4B95 /* OnboardingView.swift */,
				A1B2C3D4E5F60718293A4B96 /* RecommendationViewModel.swift */,
				A1B2C3D4E5F60718293A4B97 /* SettingsViewModel.swift */,
				A1B2C3D4E5F60718293A4B98 /* APIClient.swift */,
				A1B2C3D4E5F60718293A4B99 /* LocationService.swift */,
				A1B2C3D4E5F60718293A4B9A /* NotificationService.swift */,
				A1B2C3D4E5F60718293A4B9B /* DataModels.swift */,
				A1B2C3D4E5F60718293A4B9C /* Enums.swift */,
				A1B2C3D4E5F60718293A4B9D /* Errors.swift */,
			);
			path = "Sources/LunchMenuRecommender";
			sourceTree = "<group>";
		};
		A1B2C3D4E5F60718293A4B04 /* Frameworks */ = {
			isa = PBXGroup;
			children = (
				A1B2C3D4E5F60718293A4BA1 /* SwiftUI.framework */,
			);
			name = Frameworks;
			sourceTree = "<group>";
		};
/* End PBXGroup section */

/* Begin PBXNativeTarget section */
		D1E2F3A4B5C60718293A4B6D /* LunchMenuRecommender */ = {
			isa = PBXNativeTarget;
			buildConfigurationList = D1E2F3A4B5C60718293A4B73;
			buildPhases = (
				D1E2F3A4B5C60718293A4B6E /* Sources */,
				D1E2F3A4B5C60718293A4B90 /* Frameworks */,
				D1E2F3A4B5C60718293A4B71 /* Resources */,
			);
			buildRules = (
			);
			dependencies = (
			);
			name = LunchMenuRecommender;
			productName = LunchMenuRecommender;
			productReference = A1B2C3D4E5F60718293A4BA2 /* LunchMenuRecommender.app */;
			productType = "com.apple.product-type.application";
		};
/* End PBXNativeTarget section */

/* Begin PBXProject section */
		A1B2C3D4E5F60718293A4B81 /* Project object */ = {
			isa = PBXProject;
			attributes = {
				LastSwiftUpdateCheck = 1600;
				LastUpgradeCheck = 1600;
			};
			buildConfigurationList = D1E2F3A4B5C60718293A4B80;
			compatibilityVersion = "Xcode 16.0";
			developmentRegion = en;
			hasScannedForEncodings = 0;
			knownRegions = (
				en,
				Base,
			);
			mainGroup = A1B2C3D4E5F60718293A4B01;
			productRefGroup = A1B2C3D4E5F60718293A4B02;
			projectDirPath = "";
			projectRoot = "";
			targets = (
				D1E2F3A4B5C60718293A4B6D /* LunchMenuRecommender */,
			);
		};
/* End PBXProject section */

/* Begin PBXResourcesBuildPhase section */
		D1E2F3A4B5C60718293A4B71 /* Resources */ = {
			isa = PBXResourcesBuildPhase;
			buildActionMask = 2147483647;
			files = (
			);
			runOnlyForDeploymentPostprocessing = 0;
		};
/* End PBXResourcesBuildPhase section */

/* Begin PBXSourcesBuildPhase section */
		D1E2F3A4B5C60718293A4B6E /* Sources */ = {
			isa = PBXSourcesBuildPhase;
			buildActionMask = 2147483647;
			files = (
				A1B2C3D4E5F60718293A4B82 /* LunchMenuRecommenderApp.swift in Sources */,
				A1B2C3D4E5F60718293A4B82A /* RecommendationResultView.swift in Sources */,
				A1B2C3D4E5F60718293A4B83 /* SettingsView.swift in Sources */,
				A1B2C3D4E5F60718293A4B84 /* CriteriaInputView.swift in Sources */,
				A1B2C3D4E5F60718293A4B85 /* OnboardingView.swift in Sources */,
				A1B2C3D4E5F60718293A4B86 /* RecommendationViewModel.swift in Sources */,
				A1B2C3D4E5F60718293A4B87 /* SettingsViewModel.swift in Sources */,
				A1B2C3D4E5F60718293A4B88 /* APIClient.swift in Sources */,
				A1B2C3D4E5F60718293A4B89 /* LocationService.swift in Sources */,
				A1B2C3D4E5F60718293A4BA /* NotificationService.swift in Sources */,
				A1B2C3D4E5F60718293A4BB /* DataModels.swift in Sources */,
				A1B2C3D4E5F60718293A4BC /* Enums.swift in Sources */,
				A1B2C3D4E5F60718293A4BD /* Errors.swift in Sources */,
			);
			runOnlyForDeploymentPostprocessing = 0;
		};
/* End PBXSourcesBuildPhase section */

/* Begin XCBuildConfiguration section */
		D1E2F3A4B5C60718293A4B72 /* Debug */ = {
			isa = XCBuildConfiguration;
			buildSettings = {
				ALWAYS_SEARCH_USER_PATHS = NO;
				ASSETCATALOG_COMPILER_APPICON_NAME = AppIcon;
				CLANG_ENABLE_MODULES = YES;
				CODE_SIGNING_ALLOWED = NO;
				CURRENT_PROJECT_VERSION = 1;
				GENERATE_INFOPLIST_FILE = YES;
				INFOPLIST_KEY_UIApplicationSceneManifest_Generation = YES;
				INFOPLIST_KEY_UIApplicationSceneManifest_ApplicationSessionRole = "";
				INFOPLIST_KEY_UILaunchStoryboardName = LaunchScreen;
				IPHONEOS_DEPLOYMENT_TARGET = 17.0;
				LD_RUNPATH_SEARCH_PATHS = "$(inherited) @executable_path/Frameworks";
				MARKETING_VERSION = 1.0;
				PRODUCT_BUNDLE_IDENTIFIER = com.example.lunchmenurecommender;
				PRODUCT_NAME = "$(TARGET_NAME)";
				SUPPORTED_PLATFORMS = "iphonesimulator iphoneos";
				SWIFT_VERSION = 5.9;
				TARGETED_DEVICE_FAMILY = 1;
			};
			name = Debug;
		};
		D1E2F3A4B5C60718293A4B74 /* Release */ = {
			isa = XCBuildConfiguration;
			buildSettings = {
				ALWAYS_SEARCH_USER_PATHS = NO;
				ASSETCATALOG_COMPILER_APPICON_NAME = AppIcon;
				CLANG_ENABLE_MODULES = YES;
				CODE_SIGNING_ALLOWED = NO;
				CURRENT_PROJECT_VERSION = 1;
				GENERATE_INFOPLIST_FILE = YES;
				INFOPLIST_KEY_UIApplicationSceneManifest_Generation = YES;
				INFOPLIST_KEY_UIApplicationSceneManifest_ApplicationSessionRole = "";
				INFOPLIST_KEY_UILaunchStoryboardName = LaunchScreen;
				IPHONEOS_DEPLOYMENT_TARGET = 17.0;
				LD_RUNPATH_SEARCH_PATHS = "$(inherited) @executable_path/Frameworks";
				MARKETING_VERSION = 1.0;
				PRODUCT_BUNDLE_IDENTIFIER = com.example.lunchmenurecommender;
				PRODUCT_NAME = "$(TARGET_NAME)";
				SUPPORTED_PLATFORMS = "iphonesimulator iphoneos";
				SWIFT_VERSION = 5.9;
				TARGETED_DEVICE_FAMILY = 1;
			};
			name = Release;
		};
		D1E2F3A4B5C60718293A4B75 /* Debug */ = {
			isa = XCBuildConfiguration;
			buildSettings = {
				ENABLE_BITCODE = NO;
				GCC_PRECOMPILE_PREFIX_HEADER = NO;
				CLANG_ENABLE_MODULES = YES;
				PRODUCT_NAME = "$(TARGET_NAME)";
			};
			name = Debug;
		};
		D1E2F3A4B5C60718293A4B76 /* Release */ = {
			isa = XCBuildConfiguration;
			buildSettings = {
				ENABLE_BITCODE = NO;
				GCC_PRECOMPILE_PREFIX_HEADER = NO;
				CLANG_ENABLE_MODULES = YES;
				PRODUCT_NAME = "$(TARGET_NAME)";
			};
			name = Release;
		};
/* End XCBuildConfiguration section */

/* Begin XCConfigurationList section */
		D1E2F3A4B5C60718293A4B80 /* Build configuration list for PBXProject */ = {
			isa = XCConfigurationList;
			buildConfigurations = (
				D1E2F3A4B5C60718293A4B75 /* Debug */,
				D1E2F3A4B5C60718293A4B76 /* Release */,
			);
			defaultConfigurationIsVisible = 0;
			defaultConfigurationName = Debug;
		};
		D1E2F3A4B5C60718293A4B73 /* Build configuration list for PBXNativeTarget */ = {
			isa = XCConfigurationList;
			buildConfigurations = (
				D1E2F3A4B5C60718293A4B72 /* Debug */,
				D1E2F3A4B5C60718293A4B74 /* Release */,
			);
			defaultConfigurationIsVisible = 0;
			defaultConfigurationName = Debug;
		};
/* End XCConfigurationList section */
	};
	rootObject = A1B2C3D4E5F60718293A4B81 /* Project object */;
}
